# THIS IS AN AUTOGENERATED FILE. DO NOT EDIT THIS FILE DIRECTLY.
# yarn lockfile v1


concatenateblobs@^1.0.2:
  version "1.0.2"
  resolved "https://registry.yarnpkg.com/concatenateblobs/-/concatenateblobs-1.0.2.tgz#7a832910c911703fde869bed8291e0899c5f0532"
  integrity sha1-eoMpEMkRcD/ehpvtgpHgiZxfBTI=
